{
  "version": 4,
  "terraform_version": "1.5.6",
  "serial": 5,
  "lineage": "1cad4317-62b5-5433-05ef-a92710fa2a8c",
  "outputs": {},
  "resources": [
    {
      "mode": "managed",
      "type": "aws_iot_policy",
      "name": "example",
      "provider": "provider[\"registry.terraform.io/hashicorp/aws\"]",
      "instances": [
        {
          "schema_version": 0,
          "attributes": {
            "arn": "arn:aws:iot:us-east-1:634157847749:policy/MyIoTPolicy",
            "default_version_id": "1",
            "id": "MyIoTPolicy",
            "name": "MyIoTPolicy",
            "policy": "{\"Statement\":[{\"Action\":[\"iot:Connect\",\"iot:Publish\",\"iot:Subscribe\",\"iot:Receive\"],\"Effect\":\"Allow\",\"Resource\":\"*\"}],\"Version\":\"2012-10-17\"}"
          },
          "sensitive_attributes": [],
          "private": "bnVsbA=="
        }
      ]
    },
    {
      "mode": "managed",
      "type": "aws_iot_thing",
      "name": "example",
      "provider": "provider[\"registry.terraform.io/hashicorp/aws\"]",
      "instances": [
        {
          "schema_version": 0,
          "attributes": {
            "arn": "arn:aws:iot:us-east-1:634157847749:thing/MyIoTThing",
            "attributes": null,
            "default_client_id": "MyIoTThing",
            "id": "MyIoTThing",
            "name": "MyIoTThing",
            "thing_type_name": "MyIoTThingType",
            "version": 1
          },
          "sensitive_attributes": [],
          "private": "bnVsbA==",
          "dependencies": [
            "aws_iot_thing_type.example"
          ]
        }
      ]
    },
    {
      "mode": "managed",
      "type": "aws_iot_thing_type",
      "name": "example",
      "provider": "provider[\"registry.terraform.io/hashicorp/aws\"]",
      "instances": [
        {
          "schema_version": 0,
          "attributes": {
            "arn": "arn:aws:iot:us-east-1:634157847749:thingtype/MyIoTThingType",
            "deprecated": false,
            "id": "MyIoTThingType",
            "name": "MyIoTThingType",
            "properties": [
              {
                "description": "My IoT Thing Type",
                "searchable_attributes": []
              }
            ],
            "tags": null,
            "tags_all": {}
          },
          "sensitive_attributes": [],
          "private": "bnVsbA=="
        }
      ]
    }
  ],
  "check_results": null
}
