{
  "version": 4,
  "terraform_version": "1.5.6",
  "serial": 397,
  "lineage": "51fcb313-bfe2-7378-534b-0e5a2f6cf747",
  "outputs": {},
  "resources": [
    {
      "mode": "data",
      "type": "aws_iam_policy_document",
      "name": "thing-assume-with-cert-policy-document",
      "provider": "provider[\"registry.terraform.io/hashicorp/aws\"]",
      "instances": [
        {
          "schema_version": 0,
          "attributes": {
            "id": "2079325060",
            "json": "{\n  \"Version\": \"2012-10-17\",\n  \"Statement\": [\n    {\n      \"Sid\": \"2\",\n      \"Effect\": \"Allow\",\n      \"Action\": \"iot:AssumeRoleWithCertificate\",\n      \"Resource\": \"arn:aws:iot:us-east-1:634157847749:rolealias/verkundenbot-group-service-role-alias\"\n    }\n  ]\n}",
            "override_policy_documents": null,
            "policy_id": null,
            "source_policy_documents": null,
            "statement": [
              {
                "actions": [
                  "iot:AssumeRoleWithCertificate"
                ],
                "condition": [],
                "effect": "Allow",
                "not_actions": [],
                "not_principals": [],
                "not_resources": [],
                "principals": [],
                "resources": [
                  "arn:aws:iot:us-east-1:634157847749:rolealias/verkundenbot-group-service-role-alias"
                ],
                "sid": "2"
              }
            ],
            "version": "2012-10-17"
          },
          "sensitive_attributes": []
        }
      ]
    },
    {
      "mode": "data",
      "type": "aws_iam_policy_document",
      "name": "thing-deploy-policy-document",
      "provider": "provider[\"registry.terraform.io/hashicorp/aws\"]",
      "instances": [
        {
          "schema_version": 0,
          "attributes": {
            "id": "1946923826",
            "json": "{\n  \"Version\": \"2012-10-17\",\n  \"Statement\": [\n    {\n      \"Sid\": \"1\",\n      \"Effect\": \"Allow\",\n      \"Action\": [\n        \"s3:Put*\",\n        \"s3:List*\",\n        \"s3:Get*\"\n      ],\n      \"Resource\": [\n        \"arn:aws:s3:::verkundenbot-thing-deployment-vkb-group-us-east-1/thing/verkundenbot-group/*\",\n        \"arn:aws:s3:::verkundenbot-thing-deployment-vkb-group-us-east-1/thing/common/*\"\n      ]\n    },\n    {\n      \"Sid\": \"2\",\n      \"Effect\": \"Allow\",\n      \"Action\": \"iot:*\",\n      \"Resource\": \"arn:aws:iot:::*\"\n    }\n  ]\n}",
            "override_policy_documents": null,
            "policy_id": null,
            "source_policy_documents": null,
            "statement": [
              {
                "actions": [
                  "s3:Get*",
                  "s3:List*",
                  "s3:Put*"
                ],
                "condition": [],
                "effect": "Allow",
                "not_actions": [],
                "not_principals": [],
                "not_resources": [],
                "principals": [],
                "resources": [
                  "arn:aws:s3:::verkundenbot-thing-deployment-vkb-group-us-east-1/thing/common/*",
                  "arn:aws:s3:::verkundenbot-thing-deployment-vkb-group-us-east-1/thing/verkundenbot-group/*"
                ],
                "sid": "1"
              },
              {
                "actions": [
                  "iot:*"
                ],
                "condition": [],
                "effect": "Allow",
                "not_actions": [],
                "not_principals": [],
                "not_resources": [],
                "principals": [],
                "resources": [
                  "arn:aws:iot:::*"
                ],
                "sid": "2"
              }
            ],
            "version": "2012-10-17"
          },
          "sensitive_attributes": []
        }
      ]
    },
    {
      "mode": "data",
      "type": "aws_iam_policy_document",
      "name": "thing-policy-document",
      "provider": "provider[\"registry.terraform.io/hashicorp/aws\"]",
      "instances": [
        {
          "schema_version": 0,
          "attributes": {
            "id": "991428933",
            "json": "{\n  \"Version\": \"2012-10-17\",\n  \"Statement\": [\n    {\n      \"Sid\": \"1\",\n      \"Effect\": \"Allow\",\n      \"Action\": \"iot:*\",\n      \"Resource\": \"*\"\n    }\n  ]\n}",
            "override_policy_documents": null,
            "policy_id": null,
            "source_policy_documents": null,
            "statement": [
              {
                "actions": [
                  "iot:*"
                ],
                "condition": [],
                "effect": "Allow",
                "not_actions": [],
                "not_principals": [],
                "not_resources": [],
                "principals": [],
                "resources": [
                  "*"
                ],
                "sid": "1"
              }
            ],
            "version": "2012-10-17"
          },
          "sensitive_attributes": []
        }
      ]
    },
    {
      "mode": "data",
      "type": "aws_iam_policy_document",
      "name": "thing-service-policy-document",
      "provider": "provider[\"registry.terraform.io/hashicorp/aws\"]",
      "instances": [
        {
          "schema_version": 0,
          "attributes": {
            "id": "3633904662",
            "json": "{\n  \"Version\": \"2012-10-17\",\n  \"Statement\": [\n    {\n      \"Sid\": \"1\",\n      \"Effect\": \"Allow\",\n      \"Action\": \"s3:ListBucket\",\n      \"Resource\": \"arn:aws:s3:::verkundenbot-thing-deployment-vkb-group-us-east-1\"\n    },\n    {\n      \"Sid\": \"2\",\n      \"Effect\": \"Allow\",\n      \"Action\": \"s3:GetObject\",\n      \"Resource\": \"arn:aws:s3:::verkundenbot-thing-deployment-vkb-group-us-east-1/thing/verkundenbot-group/*\"\n    }\n  ]\n}",
            "override_policy_documents": null,
            "policy_id": null,
            "source_policy_documents": null,
            "statement": [
              {
                "actions": [
                  "s3:ListBucket"
                ],
                "condition": [],
                "effect": "Allow",
                "not_actions": [],
                "not_principals": [],
                "not_resources": [],
                "principals": [],
                "resources": [
                  "arn:aws:s3:::verkundenbot-thing-deployment-vkb-group-us-east-1"
                ],
                "sid": "1"
              },
              {
                "actions": [
                  "s3:GetObject"
                ],
                "condition": [],
                "effect": "Allow",
                "not_actions": [],
                "not_principals": [],
                "not_resources": [],
                "principals": [],
                "resources": [
                  "arn:aws:s3:::verkundenbot-thing-deployment-vkb-group-us-east-1/thing/verkundenbot-group/*"
                ],
                "sid": "2"
              }
            ],
            "version": "2012-10-17"
          },
          "sensitive_attributes": []
        }
      ]
    },
    {
      "mode": "data",
      "type": "aws_iam_policy_document",
      "name": "thing-shadow-rule-policy-document",
      "provider": "provider[\"registry.terraform.io/hashicorp/aws\"]",
      "instances": [
        {
          "schema_version": 0,
          "attributes": {
            "id": "1895462007",
            "json": "{\n  \"Version\": \"2012-10-17\",\n  \"Statement\": [\n    {\n      \"Sid\": \"1\",\n      \"Effect\": \"Allow\",\n      \"Action\": \"s3:ListBucket\",\n      \"Resource\": \"arn:aws:s3:::verkundenbot-thing-shadow-us-east-1\"\n    },\n    {\n      \"Sid\": \"2\",\n      \"Effect\": \"Allow\",\n      \"Action\": [\n        \"s3:Put*\",\n        \"s3:Get*\"\n      ],\n      \"Resource\": \"arn:aws:s3:::verkundenbot-thing-shadow-us-east-1/things/shadow/*\"\n    }\n  ]\n}",
            "override_policy_documents": null,
            "policy_id": null,
            "source_policy_documents": null,
            "statement": [
              {
                "actions": [
                  "s3:ListBucket"
                ],
                "condition": [],
                "effect": "Allow",
                "not_actions": [],
                "not_principals": [],
                "not_resources": [],
                "principals": [],
                "resources": [
                  "arn:aws:s3:::verkundenbot-thing-shadow-us-east-1"
                ],
                "sid": "1"
              },
              {
                "actions": [
                  "s3:Get*",
                  "s3:Put*"
                ],
                "condition": [],
                "effect": "Allow",
                "not_actions": [],
                "not_principals": [],
                "not_resources": [],
                "principals": [],
                "resources": [
                  "arn:aws:s3:::verkundenbot-thing-shadow-us-east-1/things/shadow/*"
                ],
                "sid": "2"
              }
            ],
            "version": "2012-10-17"
          },
          "sensitive_attributes": []
        }
      ]
    },
    {
      "mode": "managed",
      "type": "aws_glue_catalog_database",
      "name": "thing-shadow-database",
      "provider": "provider[\"registry.terraform.io/hashicorp/aws\"]",
      "instances": [
        {
          "schema_version": 0,
          "attributes": {
            "arn": "arn:aws:glue:us-east-1:634157847749:database/verkundenbot_thing_shadow_database",
            "catalog_id": "634157847749",
            "create_table_default_permission": [
              {
                "permissions": [
                  "ALL"
                ],
                "principal": [
                  {
                    "data_lake_principal_identifier": "IAM_ALLOWED_PRINCIPALS"
                  }
                ]
              }
            ],
            "description": "",
            "id": "634157847749:verkundenbot_thing_shadow_database",
            "location_uri": "",
            "name": "verkundenbot_thing_shadow_database",
            "parameters": null,
            "tags": null,
            "tags_all": {},
            "target_database": []
          },
          "sensitive_attributes": [],
          "private": "bnVsbA=="
        }
      ]
    },
    {
      "mode": "managed",
      "type": "aws_glue_catalog_table",
      "name": "thing-shadow-table",
      "provider": "provider[\"registry.terraform.io/hashicorp/aws\"]",
      "instances": [
        {
          "schema_version": 0,
          "attributes": {
            "arn": "arn:aws:glue:us-east-1:634157847749:table/verkundenbot_thing_shadow_database/verkundenbot_thing_shadow_table",
            "catalog_id": "634157847749",
            "database_name": "verkundenbot_thing_shadow_database",
            "description": "",
            "id": "634157847749:verkundenbot_thing_shadow_database:verkundenbot_thing_shadow_table",
            "name": "verkundenbot_thing_shadow_table",
            "open_table_format_input": [],
            "owner": "",
            "parameters": null,
            "partition_index": null,
            "partition_keys": [],
            "retention": 0,
            "storage_descriptor": [
              {
                "bucket_columns": null,
                "columns": [
                  {
                    "comment": "",
                    "name": "thingname",
                    "parameters": null,
                    "type": "string"
                  },
                  {
                    "comment": "",
                    "name": "logtimestamp",
                    "parameters": null,
                    "type": "timestamp"
                  },
                  {
                    "comment": "",
                    "name": "state",
                    "parameters": null,
                    "type": "struct\u003creported:struct\u003constart:struct\u003cresetreason:string,chipid:int,cpufreqmhz:int,sketchmd5:string,coreversion:string,sdkversion:string,flashchiprealsize:int,flashchipsize:int\u003e,onloop:struct\u003canalogpinoutputvalue:int,analogpina0:int,vcc:double\u003e\u003e\u003e"
                  }
                ],
                "compressed": false,
                "input_format": "org.apache.hadoop.mapred.TextInputFormat",
                "location": "s3://verkundenbot-thing-shadow-us-east-1/things/shadow/",
                "number_of_buckets": 0,
                "output_format": "org.apache.hadoop.hive.ql.io.IgnoreKeyTextOutputFormat",
                "parameters": null,
                "schema_reference": [],
                "ser_de_info": [
                  {
                    "name": "thing_shadow_serde",
                    "parameters": null,
                    "serialization_library": "org.openx.data.jsonserde.JsonSerDe"
                  }
                ],
                "skewed_info": [],
                "sort_columns": [],
                "stored_as_sub_directories": false
              }
            ],
            "table_type": "EXTERNAL_TABLE",
            "target_table": [],
            "view_expanded_text": "",
            "view_original_text": ""
          },
          "sensitive_attributes": [],
          "private": "bnVsbA==",
          "dependencies": [
            "aws_glue_catalog_database.thing-shadow-database",
            "aws_s3_bucket.thing-shadow-bucket"
          ]
        }
      ]
    },
    {
      "mode": "managed",
      "type": "aws_iam_policy",
      "name": "thing-deploy-policy",
      "provider": "provider[\"registry.terraform.io/hashicorp/aws\"]",
      "instances": [
        {
          "schema_version": 0,
          "attributes": {
            "arn": "arn:aws:iam::634157847749:policy/verkundenbot-group-deploy-policy",
            "description": "",
            "id": "arn:aws:iam::634157847749:policy/verkundenbot-group-deploy-policy",
            "name": "verkundenbot-group-deploy-policy",
            "name_prefix": "",
            "path": "/",
            "policy": "{\"Statement\":[{\"Action\":[\"s3:Put*\",\"s3:List*\",\"s3:Get*\"],\"Effect\":\"Allow\",\"Resource\":[\"arn:aws:s3:::verkundenbot-thing-deployment-vkb-group-us-east-1/thing/verkundenbot-group/*\",\"arn:aws:s3:::verkundenbot-thing-deployment-vkb-group-us-east-1/thing/common/*\"],\"Sid\":\"1\"},{\"Action\":\"iot:*\",\"Effect\":\"Allow\",\"Resource\":\"arn:aws:iot:::*\",\"Sid\":\"2\"}],\"Version\":\"2012-10-17\"}",
            "policy_id": "ANPAZHJWA2TCYQFOUVXAR",
            "tags": null,
            "tags_all": {}
          },
          "sensitive_attributes": [],
          "private": "bnVsbA==",
          "dependencies": [
            "aws_iot_thing_group.parent",
            "aws_iot_thing_group.this",
            "aws_s3_bucket.thing-deployment-bucket",
            "data.aws_iam_policy_document.thing-deploy-policy-document"
          ]
        }
      ]
    },
    {
      "mode": "managed",
      "type": "aws_iam_policy",
      "name": "thing-service-policy",
      "provider": "provider[\"registry.terraform.io/hashicorp/aws\"]",
      "instances": [
        {
          "schema_version": 0,
          "attributes": {
            "arn": "arn:aws:iam::634157847749:policy/verkundenbot-group-service-policy",
            "description": "",
            "id": "arn:aws:iam::634157847749:policy/verkundenbot-group-service-policy",
            "name": "verkundenbot-group-service-policy",
            "name_prefix": "",
            "path": "/",
            "policy": "{\"Statement\":[{\"Action\":\"s3:ListBucket\",\"Effect\":\"Allow\",\"Resource\":\"arn:aws:s3:::verkundenbot-thing-deployment-vkb-group-us-east-1\",\"Sid\":\"1\"},{\"Action\":\"s3:GetObject\",\"Effect\":\"Allow\",\"Resource\":\"arn:aws:s3:::verkundenbot-thing-deployment-vkb-group-us-east-1/thing/verkundenbot-group/*\",\"Sid\":\"2\"}],\"Version\":\"2012-10-17\"}",
            "policy_id": "ANPAZHJWA2TCUED4JZCJY",
            "tags": null,
            "tags_all": {}
          },
          "sensitive_attributes": [],
          "private": "bnVsbA==",
          "dependencies": [
            "aws_iot_thing_group.parent",
            "aws_iot_thing_group.this",
            "aws_s3_bucket.thing-deployment-bucket",
            "data.aws_iam_policy_document.thing-service-policy-document"
          ]
        }
      ]
    },
    {
      "mode": "managed",
      "type": "aws_iam_policy",
      "name": "thing-shadow-rule-policy",
      "provider": "provider[\"registry.terraform.io/hashicorp/aws\"]",
      "instances": [
        {
          "schema_version": 0,
          "attributes": {
            "arn": "arn:aws:iam::634157847749:policy/thing-shadow-rule-policy",
            "description": "",
            "id": "arn:aws:iam::634157847749:policy/thing-shadow-rule-policy",
            "name": "thing-shadow-rule-policy",
            "name_prefix": "",
            "path": "/",
            "policy": "{\"Statement\":[{\"Action\":\"s3:ListBucket\",\"Effect\":\"Allow\",\"Resource\":\"arn:aws:s3:::verkundenbot-thing-shadow-us-east-1\",\"Sid\":\"1\"},{\"Action\":[\"s3:Put*\",\"s3:Get*\"],\"Effect\":\"Allow\",\"Resource\":\"arn:aws:s3:::verkundenbot-thing-shadow-us-east-1/things/shadow/*\",\"Sid\":\"2\"}],\"Version\":\"2012-10-17\"}",
            "policy_id": "ANPAZHJWA2TC7OGY54FXJ",
            "tags": null,
            "tags_all": {}
          },
          "sensitive_attributes": [],
          "private": "bnVsbA==",
          "dependencies": [
            "aws_s3_bucket.thing-shadow-bucket",
            "data.aws_iam_policy_document.thing-shadow-rule-policy-document"
          ]
        }
      ]
    },
    {
      "mode": "managed",
      "type": "aws_iam_role",
      "name": "thing-deploy-role",
      "provider": "provider[\"registry.terraform.io/hashicorp/aws\"]",
      "instances": [
        {
          "schema_version": 0,
          "attributes": {
            "arn": "arn:aws:iam::634157847749:role/verkundenbot-group-deploy-role",
            "assume_role_policy": "{\"Statement\":[{\"Action\":\"sts:AssumeRole\",\"Effect\":\"Allow\",\"Principal\":{\"Service\":\"ec2.amazonaws.com\"},\"Sid\":\"1\"}],\"Version\":\"2012-10-17\"}",
            "create_date": "2023-10-06T23:47:14Z",
            "description": "",
            "force_detach_policies": false,
            "id": "verkundenbot-group-deploy-role",
            "inline_policy": [],
            "managed_policy_arns": [],
            "max_session_duration": 3600,
            "name": "verkundenbot-group-deploy-role",
            "name_prefix": "",
            "path": "/",
            "permissions_boundary": null,
            "tags": null,
            "tags_all": {},
            "unique_id": "AROAZHJWA2TC762UYJ6TI"
          },
          "sensitive_attributes": [],
          "private": "bnVsbA=="
        }
      ]
    },
    {
      "mode": "managed",
      "type": "aws_iam_role",
      "name": "thing-service-role",
      "provider": "provider[\"registry.terraform.io/hashicorp/aws\"]",
      "instances": [
        {
          "schema_version": 0,
          "attributes": {
            "arn": "arn:aws:iam::634157847749:role/verkundenbot-group-service-role",
            "assume_role_policy": "{\"Statement\":[{\"Action\":\"sts:AssumeRole\",\"Effect\":\"Allow\",\"Principal\":{\"Service\":\"credentials.iot.amazonaws.com\"},\"Sid\":\"1\"}],\"Version\":\"2012-10-17\"}",
            "create_date": "2023-10-06T23:47:14Z",
            "description": "",
            "force_detach_policies": false,
            "id": "verkundenbot-group-service-role",
            "inline_policy": [],
            "managed_policy_arns": [],
            "max_session_duration": 3600,
            "name": "verkundenbot-group-service-role",
            "name_prefix": "",
            "path": "/",
            "permissions_boundary": null,
            "tags": null,
            "tags_all": {},
            "unique_id": "AROAZHJWA2TCT4PPFHMN5"
          },
          "sensitive_attributes": [],
          "private": "bnVsbA=="
        }
      ]
    },
    {
      "mode": "managed",
      "type": "aws_iam_role",
      "name": "thing-shadow-rule-role",
      "provider": "provider[\"registry.terraform.io/hashicorp/aws\"]",
      "instances": [
        {
          "schema_version": 0,
          "attributes": {
            "arn": "arn:aws:iam::634157847749:role/thing-shadow-rule-role",
            "assume_role_policy": "{\"Statement\":[{\"Action\":\"sts:AssumeRole\",\"Effect\":\"Allow\",\"Principal\":{\"Service\":\"iot.amazonaws.com\"},\"Sid\":\"1\"}],\"Version\":\"2012-10-17\"}",
            "create_date": "2023-10-06T23:47:14Z",
            "description": "",
            "force_detach_policies": false,
            "id": "thing-shadow-rule-role",
            "inline_policy": [],
            "managed_policy_arns": [],
            "max_session_duration": 3600,
            "name": "thing-shadow-rule-role",
            "name_prefix": "",
            "path": "/",
            "permissions_boundary": null,
            "tags": null,
            "tags_all": {},
            "unique_id": "AROAZHJWA2TC74U456BHW"
          },
          "sensitive_attributes": [],
          "private": "bnVsbA=="
        }
      ]
    },
    {
      "mode": "managed",
      "type": "aws_iam_role_policy_attachment",
      "name": "thing-deploy-role-policy-attachment",
      "provider": "provider[\"registry.terraform.io/hashicorp/aws\"]",
      "instances": [
        {
          "schema_version": 0,
          "attributes": {
            "id": "verkundenbot-group-deploy-role-20231006234735612500000003",
            "policy_arn": "arn:aws:iam::634157847749:policy/verkundenbot-group-deploy-policy",
            "role": "verkundenbot-group-deploy-role"
          },
          "sensitive_attributes": [],
          "private": "bnVsbA==",
          "dependencies": [
            "aws_iam_policy.thing-deploy-policy",
            "aws_iam_role.thing-deploy-role",
            "aws_iot_thing_group.parent",
            "aws_iot_thing_group.this",
            "aws_s3_bucket.thing-deployment-bucket",
            "data.aws_iam_policy_document.thing-deploy-policy-document"
          ]
        }
      ]
    },
    {
      "mode": "managed",
      "type": "aws_iam_role_policy_attachment",
      "name": "thing-service-role-attachment",
      "provider": "provider[\"registry.terraform.io/hashicorp/aws\"]",
      "instances": [
        {
          "schema_version": 0,
          "attributes": {
            "id": "verkundenbot-group-service-role-20231006234735546400000002",
            "policy_arn": "arn:aws:iam::634157847749:policy/verkundenbot-group-service-policy",
            "role": "verkundenbot-group-service-role"
          },
          "sensitive_attributes": [],
          "private": "bnVsbA==",
          "dependencies": [
            "aws_iam_policy.thing-service-policy",
            "aws_iam_role.thing-service-role",
            "aws_iot_thing_group.parent",
            "aws_iot_thing_group.this",
            "aws_s3_bucket.thing-deployment-bucket",
            "data.aws_iam_policy_document.thing-service-policy-document"
          ]
        }
      ]
    },
    {
      "mode": "managed",
      "type": "aws_iam_role_policy_attachment",
      "name": "thing-shadow-rule-role-attachment",
      "provider": "provider[\"registry.terraform.io/hashicorp/aws\"]",
      "instances": [
        {
          "schema_version": 0,
          "attributes": {
            "id": "thing-shadow-rule-role-20231006234734380100000001",
            "policy_arn": "arn:aws:iam::634157847749:policy/thing-shadow-rule-policy",
            "role": "thing-shadow-rule-role"
          },
          "sensitive_attributes": [],
          "private": "bnVsbA==",
          "dependencies": [
            "aws_iam_policy.thing-shadow-rule-policy",
            "aws_iam_role.thing-shadow-rule-role",
            "aws_s3_bucket.thing-shadow-bucket",
            "data.aws_iam_policy_document.thing-shadow-rule-policy-document"
          ]
        }
      ]
    },
    {
      "mode": "managed",
      "type": "aws_iam_user",
      "name": "thing-deploy-user",
      "provider": "provider[\"registry.terraform.io/hashicorp/aws\"]",
      "instances": [
        {
          "schema_version": 0,
          "attributes": {
            "arn": "arn:aws:iam::634157847749:user/verkundenbot-group-deploy-user",
            "force_destroy": false,
            "id": "verkundenbot-group-deploy-user",
            "name": "verkundenbot-group-deploy-user",
            "path": "/",
            "permissions_boundary": null,
            "tags": null,
            "tags_all": {},
            "unique_id": "AIDAZHJWA2TCSZMVJ3WGI"
          },
          "sensitive_attributes": [],
          "private": "bnVsbA=="
        }
      ]
    },
    {
      "mode": "managed",
      "type": "aws_iam_user_policy_attachment",
      "name": "thing-deploy-user-policy-attachment",
      "provider": "provider[\"registry.terraform.io/hashicorp/aws\"]",
      "instances": [
        {
          "schema_version": 0,
          "attributes": {
            "id": "verkundenbot-group-deploy-user-20231006234735642700000004",
            "policy_arn": "arn:aws:iam::634157847749:policy/verkundenbot-group-deploy-policy",
            "user": "verkundenbot-group-deploy-user"
          },
          "sensitive_attributes": [],
          "private": "bnVsbA==",
          "dependencies": [
            "aws_iam_policy.thing-deploy-policy",
            "aws_iam_user.thing-deploy-user",
            "aws_iot_thing_group.parent",
            "aws_iot_thing_group.this",
            "aws_s3_bucket.thing-deployment-bucket",
            "data.aws_iam_policy_document.thing-deploy-policy-document"
          ]
        }
      ]
    },
    {
      "mode": "managed",
      "type": "aws_iot_certificate",
      "name": "cert",
      "provider": "provider[\"registry.terraform.io/hashicorp/aws\"]",
      "instances": [
        {
          "schema_version": 0,
          "attributes": {
            "active": true,
            "arn": "arn:aws:iot:us-east-1:634157847749:cert/944793c0ee96859b1561bd47856c6c5bcc1a7bafa3e0d12a4a8af9a9c35c02de",
            "ca_pem": null,
            "certificate_pem": "-----BEGIN CERTIFICATE-----\nMIIDWjCCAkKgAwIBAgIVAJsMPXtEcYwsK1Mv623WNseQjCZoMA0GCSqGSIb3DQEB\nCwUAME0xSzBJBgNVBAsMQkFtYXpvbiBXZWIgU2VydmljZXMgTz1BbWF6b24uY29t\nIEluYy4gTD1TZWF0dGxlIFNUPVdhc2hpbmd0b24gQz1VUzAeFw0yMzEwMDYyMzQ1\nMTRaFw00OTEyMzEyMzU5NTlaMB4xHDAaBgNVBAMME0FXUyBJb1QgQ2VydGlmaWNh\ndGUwggEiMA0GCSqGSIb3DQEBAQUAA4IBDwAwggEKAoIBAQCwUgwk7a9nO72zaRJ9\n8WF1MASleLwyNS0U6MNH6jl397YVkq8E41shRXdzfhAbdxUkrOdzXD72KRvnpxs2\nMPlIdHOnF28spjZN0jpjnxAZmZeqmzBJJht3aAYdcQt301FK4BCT+8J5gnX3Yy0J\n1PpW4u+S+YIpRZdlkNP/EFA0gj3xichJoxwIC4JX1VSaMGnKlTD4dn4eg10EA1uf\njnOi4LMrYPbmUe3/LkB2tm1G4WTVWALnzAL2YPDvwOVY+iOLE6/CAoJW/2E+vBRC\njvBYqDrVcO8M+N8QJoBYuZWV4b8hqsQdhTyvvu8oOzQhSFXnQFPo2PKDApeycH7R\nGfStAgMBAAGjYDBeMB8GA1UdIwQYMBaAFCma3IWDhdIwdaiTeUM0+gN+T1WPMB0G\nA1UdDgQWBBRy3QOJMLbpObPchQ9EglEQ1hpQSTAMBgNVHRMBAf8EAjAAMA4GA1Ud\nDwEB/wQEAwIHgDANBgkqhkiG9w0BAQsFAAOCAQEAC6fHFaj5nVPjDBuQgV50WIE3\nDBKRG68WydJ1/MOFctGywjLbAAX6ndzmxH/ttgx+p7Lj3ntRPvuBILb3nd2j9bkY\nICIA7FFOyX2ZwSA7pSwcOQDxn7metGEtpUM6/HDX8ZRXRjV0101XhI1R/aSaJ3We\nF4AQP3vGBC65LyHfTW+qPFUlY58qFlgutNJnVSBOdDQhIQmqgPbhUxJbjL4h34EV\nYm6yxC9+q3BR0NWRGTyGltk624mT5/T2F3g+ynne+21eqpZjLrss6o/1LbzbeASp\n9M2yAj8pXHJYUbkrA3kLKHhydfUy5utBTrV6xUNsWWYgNJaE0W6uyF0+fpfZjw==\n-----END CERTIFICATE-----\n",
            "csr": null,
            "id": "944793c0ee96859b1561bd47856c6c5bcc1a7bafa3e0d12a4a8af9a9c35c02de",
            "private_key": "-----BEGIN RSA PRIVATE KEY-----\nMIIEpAIBAAKCAQEAsFIMJO2vZzu9s2kSffFhdTAEpXi8MjUtFOjDR+o5d/e2FZKv\nBONbIUV3c34QG3cVJKznc1w+9ikb56cbNjD5SHRzpxdvLKY2TdI6Y58QGZmXqpsw\nSSYbd2gGHXELd9NRSuAQk/vCeYJ192MtCdT6VuLvkvmCKUWXZZDT/xBQNII98YnI\nSaMcCAuCV9VUmjBpypUw+HZ+HoNdBANbn45zouCzK2D25lHt/y5AdrZtRuFk1VgC\n58wC9mDw78DlWPojixOvwgKCVv9hPrwUQo7wWKg61XDvDPjfECaAWLmVleG/IarE\nHYU8r77vKDs0IUhV50BT6NjygwKXsnB+0Rn0rQIDAQABAoIBAQCW7mT+54eScw08\nGuF9dbbbPbN8ghF3WRWyJF2lndZ730u6w8mWAZjsri5Gas8W86ThtDCcC4bJ6P6+\nGcmtZda+MxEdI25DZjRuAVuCE5MQlu3BWP7IXxp76Evzv+T1OasI0SzfwE8E/KxG\njFrtY6a34aL6ySKmea/TfVo7qJc/miBs0FupYT7YN9Cm+kPJTh4ha6icOlXiLpoC\n4tMxAPU7ksnu7KBjn+dBi7/aAIbmdrgbicrEnOarjDICwy0jrogFvk6gxCl8ipe2\nfSab/A3lr4iQ3M8kLPVFNLHNhNRlPmX8suNkInXZCo6ktKZ0juCf4ue44HlfrYwp\np5bUeUbxAoGBAOj1mOgtOjqmvGy9voCGEdQsfd/9EfKXXAf5I4nFX3AEgEd/1ord\n2+rrox9VJLl9lEop2I1vb9Zh2r9Lr71P2iIMz8qsaXpdbeUP+HY/VPzfEcMwezcV\n/aRdSRlDR2190z+jAHvUyjf7ovl+JaT5r/pEy1YGjxNDRQoARDTs/kxzAoGBAMHC\nYqBvqHR5rtYWKRr+cb+MDIBQF4/erNWqWRV/xnfje5xhPSQ0tIi4FOXIQUG1fTnW\nADAGOY0eboMzWT0ILWesRUx0vRIe0pMV3Ok6gL8P80+KW9hErzd57KYHV65MuO5Q\nR624nRxX9zMEOKntLdh5K6u1mqHA54lRoiWV1pJfAoGAD7J82ygxBEK375vZek+O\nY/2bfbxPuUj5qo/fFSl3hNTI0AiNLE5Gw02dcD8MenM7ysOHFACuSIPPeZRgAyGe\nUS0L01xKvzQMc6Lf2xfpYiCl0cEyjEOvE6Q1iL4/0eDomyEgpzdvaNZL5QPbBYLN\nmM+J5AINIf8mZ8Yc0nQlroECgYAJ92CxVez5SMUIeA1XOR1Kt/5wny4HFXIYb3Gz\nnGXuBsJ18b5+XUOoAKf6hcltgtNVJT/POJK/QoB2uS5u6DvFqGPMIfkTtIgqTqaV\nTJAQw9ZFEh3VSvskRF460AffjEy63WBCfEuAiLnLYv0zKGMCToFDjMzOYyjFtHA9\ntK5bywKBgQCCaKJjUBdn0Jc2HaWGdCCebDE3ku/u0DQxwnhHxw62xjfqayJTgdpC\nWNr9ud1JO58jSTJPGeFNQrf/skPXGynAzUmV4fj+t88l8ofjzE9bsdobS2q5hwZ0\n7R7CIU5UtRSL6chKZDgEdXrT7DlC7/RjM2egpS2/gJRyUH778koHFQ==\n-----END RSA PRIVATE KEY-----\n",
            "public_key": "-----BEGIN PUBLIC KEY-----\nMIIBIjANBgkqhkiG9w0BAQEFAAOCAQ8AMIIBCgKCAQEAsFIMJO2vZzu9s2kSffFh\ndTAEpXi8MjUtFOjDR+o5d/e2FZKvBONbIUV3c34QG3cVJKznc1w+9ikb56cbNjD5\nSHRzpxdvLKY2TdI6Y58QGZmXqpswSSYbd2gGHXELd9NRSuAQk/vCeYJ192MtCdT6\nVuLvkvmCKUWXZZDT/xBQNII98YnISaMcCAuCV9VUmjBpypUw+HZ+HoNdBANbn45z\nouCzK2D25lHt/y5AdrZtRuFk1VgC58wC9mDw78DlWPojixOvwgKCVv9hPrwUQo7w\nWKg61XDvDPjfECaAWLmVleG/IarEHYU8r77vKDs0IUhV50BT6NjygwKXsnB+0Rn0\nrQIDAQAB\n-----END PUBLIC KEY-----\n"
          },
          "sensitive_attributes": [],
          "private": "bnVsbA=="
        }
      ]
    },
    {
      "mode": "managed",
      "type": "aws_iot_certificate",
      "name": "thing-certificate",
      "provider": "provider[\"registry.terraform.io/hashicorp/aws\"]",
      "instances": [
        {
          "schema_version": 0,
          "attributes": {
            "active": true,
            "arn": "arn:aws:iot:us-east-1:634157847749:cert/c8f58e89d98bff201ea8af5589d8c56d2ce0fefd77ac90b319553e4589f42e21",
            "ca_pem": null,
            "certificate_pem": "-----BEGIN CERTIFICATE-----\nMIIDWTCCAkGgAwIBAgIURLsTDl6qV8P/9Zl6uI/lVu0eDdEwDQYJKoZIhvcNAQEL\nBQAwTTFLMEkGA1UECwxCQW1hem9uIFdlYiBTZXJ2aWNlcyBPPUFtYXpvbi5jb20g\nSW5jLiBMPVNlYXR0bGUgU1Q9V2FzaGluZ3RvbiBDPVVTMB4XDTIzMTAwNjIzNDUx\nNFoXDTQ5MTIzMTIzNTk1OVowHjEcMBoGA1UEAwwTQVdTIElvVCBDZXJ0aWZpY2F0\nZTCCASIwDQYJKoZIhvcNAQEBBQADggEPADCCAQoCggEBAO3Qg0ds0HvKYFGqfw3W\n7cOscawPx8X/Nv6BNLSxapM6htu9X7ThX2scUMqlLAlZ3a8VBOW9d1mWINrE6JQ9\nFa5ZDSckiEiZyTTUmFs9fSevnHLkMVm9i+0E8elqhEjpAbp4FYv9HpfbgzRbdxWD\nb5ggURwDFHE5jML7n5uNq9Nyxk66NWf84wRcAMe7HDfZms/gr6YJfvShh/OogHty\n8DWSwOIiTwDHZQZXTCosYoxN5eMPZ7M3IlEOMLu67u/sAqT3ZQPzoPPly7ZjBN+j\nffXNHUO2NWIxhw2TCHTQxhCDJMl7xayPCo3lP9vn2duU7wQQy5rIVKB6I3vO0/P0\nShsCAwEAAaNgMF4wHwYDVR0jBBgwFoAULkSsjPVzguX+WvSLi5iX3nCCe7kwHQYD\nVR0OBBYEFER9Q61IpyLVvxJ7siYYIVIFaRtYMAwGA1UdEwEB/wQCMAAwDgYDVR0P\nAQH/BAQDAgeAMA0GCSqGSIb3DQEBCwUAA4IBAQCLvwN3/4BzQsqMV+Vo2g8K48yC\n2il8Y9s93j0RHsc50KEn3v4dbpD7IwrrgXh/JO7zdgEngcHjB74f/QD/7AMs+g4A\n7Hrc0Wqhc1/WZ3Z7xsedogBD4MVHnhmVjYMvHzqd1pkqX4H6yOs1+nQDdeYN9uwb\n1S2mLqXke4lQjPV4UY1IjP16yCFuv7LnDc2A/41vt4T/Qsnc5z5Q0ifw/1Y/6JCo\nDHt5AimvXA8q75iV+bj9Uqe9tMZnbwMFXWdVhftr4byRQBi6Yx7VgWyRlJ1uQbMv\n7yn/oSbufpXFo4p460P7BW1yiSA2r/neR/yeh8quXj7VNLVPoHkP0ufP9vQA\n-----END CERTIFICATE-----\n",
            "csr": null,
            "id": "c8f58e89d98bff201ea8af5589d8c56d2ce0fefd77ac90b319553e4589f42e21",
            "private_key": "-----BEGIN RSA PRIVATE KEY-----\nMIIEpAIBAAKCAQEA7dCDR2zQe8pgUap/Ddbtw6xxrA/Hxf82/oE0tLFqkzqG271f\ntOFfaxxQyqUsCVndrxUE5b13WZYg2sTolD0VrlkNJySISJnJNNSYWz19J6+ccuQx\nWb2L7QTx6WqESOkBungVi/0el9uDNFt3FYNvmCBRHAMUcTmMwvufm42r03LGTro1\nZ/zjBFwAx7scN9maz+Cvpgl+9KGH86iAe3LwNZLA4iJPAMdlBldMKixijE3l4w9n\nszciUQ4wu7ru7+wCpPdlA/Og8+XLtmME36N99c0dQ7Y1YjGHDZMIdNDGEIMkyXvF\nrI8KjeU/2+fZ25TvBBDLmshUoHoje87T8/RKGwIDAQABAoIBAQDMP7ywuJ1q5IrL\nOTL8UO9OkqnijH8Y57R068W3t3UAVFEFI2Wytao9FUmyciAbO+qw982H/60k7VL0\nchALWVdosaUhTDgcmrB7xmfAXVRDpIkrCB/2olwuSoP25HwPHshUPdTLsa734BmU\n+0WQ3Z0XvBHNjDufbz0dLf2MHSZJaG9YATh6mPEUc7FTjnaVcVqgtSGm2rM6ghXy\njuIm3ys+V9bUByw90FyfBHqPQX/XOUtcIcp0alhu/bvnKOrLiWuFqTzAFp5/2EVM\nXGMZD13WwB7D/YC/RtcHhiJpVDvwioJRyNoPeVQPDI7dTUG7nk5UCjP+cV8cTkxE\nmmvCuM3pAoGBAPoSrvh9YXG/CvURljX3SayePY78sN4pejYzwZ1MLAo6sR2qKfyf\nUGCUrWo3U3rwJkj7wIBiQakgEESotuBgIMKC+sNWrs/OJstlBsRyAJCSW4KtVbc0\nZXXiC+Iu2UBCt50gld6bBglXWZhOEMUrnzE6vwUQhMc2CCWVoxUGuNNVAoGBAPNz\nc3le8Q7HihSGTa1eigbTg9W7NtN7PeA9QN5msuk/biakRj0sQ0fQReviBy+aedJy\nVZ5U5gGFDKnBC8CkKNGXIRneVjhPcb3fGEcnJJzi3l2ASRW8pE0tH6J1JWl3MA2X\naOXz5dooGjmMoTsdbtgozNx0XO7VXFFAwK1HgoevAoGBAIaHNomHKby/QW3FIEG3\n3nJ2Tjd1yNA7D/vIrAeqyqZWHKIQwLWeHudWFFRnnwkr1+y7QjvOn/QTw6yr9nWO\nQRFi1PPw1eoExOn2V0Wm7pbXpVMPXGVKUqqwCCSNf2IKgiyNMxKl4wFzdEdy96Ka\nbPFW4RwgXs2sS4WskibljthhAoGAJfA27ZIbFMeJwBsR3dOexOOPZu5O4/QPt3M0\nObRdazXkT4dIHt5X+cf+LX1Cy2tSUrZYm1z1nwUB7S5VS4cJiWf405QvcYUH36P1\nn5j8/qnoJ0AHo6iLHi/K/0EsPFxDk8qloTg5+J5JP/Cna5PxoyPwkOZdWSbMxSjH\nHfnH4KcCgYAiQgHhwJjZjamBKVm0gRrZkdys7Ac1RO9WNsiE39ZdAhavyDNKYfnv\n1+6IcMXcHEQ4Wfw5epfSzAqaWFdQyFD+0hh3sONqx70dNAuSDuOq44xv9ATcc6/7\nXg4lHYkUZHRY5qGDzLXJoK+UGlfn7E+07MYBAqqJEriOqRFKQbVsBg==\n-----END RSA PRIVATE KEY-----\n",
            "public_key": "-----BEGIN PUBLIC KEY-----\nMIIBIjANBgkqhkiG9w0BAQEFAAOCAQ8AMIIBCgKCAQEA7dCDR2zQe8pgUap/Ddbt\nw6xxrA/Hxf82/oE0tLFqkzqG271ftOFfaxxQyqUsCVndrxUE5b13WZYg2sTolD0V\nrlkNJySISJnJNNSYWz19J6+ccuQxWb2L7QTx6WqESOkBungVi/0el9uDNFt3FYNv\nmCBRHAMUcTmMwvufm42r03LGTro1Z/zjBFwAx7scN9maz+Cvpgl+9KGH86iAe3Lw\nNZLA4iJPAMdlBldMKixijE3l4w9nszciUQ4wu7ru7+wCpPdlA/Og8+XLtmME36N9\n9c0dQ7Y1YjGHDZMIdNDGEIMkyXvFrI8KjeU/2+fZ25TvBBDLmshUoHoje87T8/RK\nGwIDAQAB\n-----END PUBLIC KEY-----\n"
          },
          "sensitive_attributes": [],
          "private": "bnVsbA=="
        }
      ]
    },
    {
      "mode": "managed",
      "type": "aws_iot_policy",
      "name": "thing-assume-with-cert-policy",
      "provider": "provider[\"registry.terraform.io/hashicorp/aws\"]",
      "instances": [
        {
          "schema_version": 0,
          "attributes": {
            "arn": "arn:aws:iot:us-east-1:634157847749:policy/vkb-group-assume-with-cert-policy",
            "default_version_id": "1",
            "id": "vkb-group-assume-with-cert-policy",
            "name": "vkb-group-assume-with-cert-policy",
            "policy": "{\"Statement\":[{\"Action\":\"iot:AssumeRoleWithCertificate\",\"Effect\":\"Allow\",\"Resource\":\"arn:aws:iot:us-east-1:634157847749:rolealias/verkundenbot-group-service-role-alias\",\"Sid\":\"2\"}],\"Version\":\"2012-10-17\"}"
          },
          "sensitive_attributes": [],
          "private": "bnVsbA==",
          "dependencies": [
            "aws_iam_role.thing-service-role",
            "aws_iot_role_alias.thing-service-role-alias",
            "aws_iot_thing_group.parent",
            "aws_iot_thing_group.this",
            "data.aws_iam_policy_document.thing-assume-with-cert-policy-document"
          ]
        }
      ]
    },
    {
      "mode": "managed",
      "type": "aws_iot_policy",
      "name": "thing-policy",
      "provider": "provider[\"registry.terraform.io/hashicorp/aws\"]",
      "instances": [
        {
          "schema_version": 0,
          "attributes": {
            "arn": "arn:aws:iot:us-east-1:634157847749:policy/vkb-group-policy",
            "default_version_id": "1",
            "id": "vkb-group-policy",
            "name": "vkb-group-policy",
            "policy": "{\"Statement\":[{\"Action\":\"iot:*\",\"Effect\":\"Allow\",\"Resource\":\"*\",\"Sid\":\"1\"}],\"Version\":\"2012-10-17\"}"
          },
          "sensitive_attributes": [],
          "private": "bnVsbA==",
          "dependencies": [
            "aws_iot_thing_group.parent",
            "aws_iot_thing_group.this",
            "data.aws_iam_policy_document.thing-policy-document"
          ]
        }
      ]
    },
    {
      "mode": "managed",
      "type": "aws_iot_policy",
      "name": "this",
      "provider": "provider[\"registry.terraform.io/hashicorp/aws\"]",
      "instances": [
        {
          "schema_version": 0,
          "attributes": {
            "arn": "arn:aws:iot:us-east-1:634157847749:policy/VerkundenbotPolicy",
            "default_version_id": "1",
            "id": "VerkundenbotPolicy",
            "name": "VerkundenbotPolicy",
            "policy": "{\"Statement\":[{\"Action\":[\"iot:Connect\"],\"Effect\":\"Allow\",\"Resource\":[\"arn:aws:iot:us-east-1:634157847749:client/c89369fb-d057-4ec4-aa78-76d14511e211\"]},{\"Action\":[\"iot:Subscribe\"],\"Effect\":\"Allow\",\"Resource\":[\"arn:aws:iot:us-east-1:634157847749:topicfilter/verkundenbot/26b786d5-d071-42bb-a9fc-7261da355053/#\"]},{\"Action\":[\"iot:Publish\",\"iot:Receive\"],\"Effect\":\"Allow\",\"Resource\":[\"arn:aws:iot:us-east-1:634157847749:topic/verkundenbot/26b786d5-d071-42bb-a9fc-7261da355053/plug1\",\"arn:aws:iot:us-east-1:634157847749:topic/verkundenbot/26b786d5-d071-42bb-a9fc-7261da355053/plug2\",\"arn:aws:iot:us-east-1:634157847749:topic/verkundenbot/26b786d5-d071-42bb-a9fc-7261da355053/plug3\",\"arn:aws:iot:us-east-1:634157847749:topic/verkundenbot/26b786d5-d071-42bb-a9fc-7261da355053/plug4\"]}],\"Version\":\"2012-10-17\"}"
          },
          "sensitive_attributes": [],
          "private": "bnVsbA=="
        }
      ]
    },
    {
      "mode": "managed",
      "type": "aws_iot_policy_attachment",
      "name": "thing-assume-with-cert-policy-attachment",
      "provider": "provider[\"registry.terraform.io/hashicorp/aws\"]",
      "instances": [
        {
          "schema_version": 0,
          "attributes": {
            "id": "vkb-group-assume-with-cert-policy|arn:aws:iot:us-east-1:634157847749:cert/c8f58e89d98bff201ea8af5589d8c56d2ce0fefd77ac90b319553e4589f42e21",
            "policy": "vkb-group-assume-with-cert-policy",
            "target": "arn:aws:iot:us-east-1:634157847749:cert/c8f58e89d98bff201ea8af5589d8c56d2ce0fefd77ac90b319553e4589f42e21"
          },
          "sensitive_attributes": [],
          "private": "bnVsbA==",
          "dependencies": [
            "aws_iam_role.thing-service-role",
            "aws_iot_certificate.thing-certificate",
            "aws_iot_policy.thing-assume-with-cert-policy",
            "aws_iot_role_alias.thing-service-role-alias",
            "aws_iot_thing_group.parent",
            "aws_iot_thing_group.this",
            "data.aws_iam_policy_document.thing-assume-with-cert-policy-document"
          ]
        }
      ]
    },
    {
      "mode": "managed",
      "type": "aws_iot_policy_attachment",
      "name": "thing-policy-attachment",
      "provider": "provider[\"registry.terraform.io/hashicorp/aws\"]",
      "instances": [
        {
          "schema_version": 0,
          "attributes": {
            "id": "vkb-group-policy|arn:aws:iot:us-east-1:634157847749:cert/c8f58e89d98bff201ea8af5589d8c56d2ce0fefd77ac90b319553e4589f42e21",
            "policy": "vkb-group-policy",
            "target": "arn:aws:iot:us-east-1:634157847749:cert/c8f58e89d98bff201ea8af5589d8c56d2ce0fefd77ac90b319553e4589f42e21"
          },
          "sensitive_attributes": [],
          "private": "bnVsbA==",
          "dependencies": [
            "aws_iot_certificate.thing-certificate",
            "aws_iot_policy.thing-policy",
            "aws_iot_thing_group.parent",
            "aws_iot_thing_group.this",
            "data.aws_iam_policy_document.thing-policy-document"
          ]
        }
      ]
    },
    {
      "mode": "managed",
      "type": "aws_iot_policy_attachment",
      "name": "this",
      "provider": "provider[\"registry.terraform.io/hashicorp/aws\"]",
      "instances": [
        {
          "schema_version": 0,
          "attributes": {
            "id": "VerkundenbotPolicy|arn:aws:iot:us-east-1:634157847749:cert/944793c0ee96859b1561bd47856c6c5bcc1a7bafa3e0d12a4a8af9a9c35c02de",
            "policy": "VerkundenbotPolicy",
            "target": "arn:aws:iot:us-east-1:634157847749:cert/944793c0ee96859b1561bd47856c6c5bcc1a7bafa3e0d12a4a8af9a9c35c02de"
          },
          "sensitive_attributes": [],
          "private": "bnVsbA==",
          "dependencies": [
            "aws_iot_certificate.cert",
            "aws_iot_policy.this"
          ]
        }
      ]
    },
    {
      "mode": "managed",
      "type": "aws_iot_role_alias",
      "name": "thing-service-role-alias",
      "provider": "provider[\"registry.terraform.io/hashicorp/aws\"]",
      "instances": [
        {
          "schema_version": 0,
          "attributes": {
            "alias": "verkundenbot-group-service-role-alias",
            "arn": "arn:aws:iot:us-east-1:634157847749:rolealias/verkundenbot-group-service-role-alias",
            "credential_duration": 3600,
            "id": "verkundenbot-group-service-role-alias",
            "role_arn": "arn:aws:iam::634157847749:role/verkundenbot-group-service-role"
          },
          "sensitive_attributes": [],
          "private": "bnVsbA==",
          "dependencies": [
            "aws_iam_role.thing-service-role"
          ]
        }
      ]
    },
    {
      "mode": "managed",
      "type": "aws_iot_thing",
      "name": "this",
      "provider": "provider[\"registry.terraform.io/hashicorp/aws\"]",
      "instances": [
        {
          "schema_version": 0,
          "attributes": {
            "arn": "arn:aws:iot:us-east-1:634157847749:thing/VerkundenbotThing-26b786d5-d071-42bb-a9fc-7261da355053",
            "attributes": {
              "device-id": "26b786d5-d071-42bb-a9fc-7261da355053",
              "model": "0.1"
            },
            "default_client_id": "VerkundenbotThing-26b786d5-d071-42bb-a9fc-7261da355053",
            "id": "VerkundenbotThing-26b786d5-d071-42bb-a9fc-7261da355053",
            "name": "VerkundenbotThing-26b786d5-d071-42bb-a9fc-7261da355053",
            "thing_type_name": "VerkundenbotThingType",
            "version": 1
          },
          "sensitive_attributes": [],
          "private": "bnVsbA==",
          "dependencies": [
            "aws_iot_thing_type.this"
          ]
        }
      ]
    },
    {
      "mode": "managed",
      "type": "aws_iot_thing_group",
      "name": "parent",
      "provider": "provider[\"registry.terraform.io/hashicorp/aws\"]",
      "instances": [
        {
          "schema_version": 0,
          "attributes": {
            "arn": "arn:aws:iot:us-east-1:634157847749:thinggroup/parent",
            "id": "parent",
            "metadata": [
              {
                "creation_date": "2023-10-06T23:47:14Z",
                "parent_group_name": "",
                "root_to_parent_groups": []
              }
            ],
            "name": "parent",
            "parent_group_name": "",
            "properties": [],
            "tags": null,
            "tags_all": {},
            "version": 1
          },
          "sensitive_attributes": [],
          "private": "bnVsbA=="
        }
      ]
    },
    {
      "mode": "managed",
      "type": "aws_iot_thing_group",
      "name": "this",
      "provider": "provider[\"registry.terraform.io/hashicorp/aws\"]",
      "instances": [
        {
          "schema_version": 0,
          "attributes": {
            "arn": "arn:aws:iot:us-east-1:634157847749:thinggroup/vkb-group",
            "id": "vkb-group",
            "metadata": [
              {
                "creation_date": "2023-10-06T23:47:15Z",
                "parent_group_name": "parent",
                "root_to_parent_groups": [
                  {
                    "group_arn": "arn:aws:iot:us-east-1:634157847749:thinggroup/parent",
                    "group_name": "parent"
                  }
                ]
              }
            ],
            "name": "vkb-group",
            "parent_group_name": "parent",
            "properties": [
              {
                "attribute_payload": [
                  {
                    "attributes": {
                      "One": "11111",
                      "Two": "TwoTwo"
                    }
                  }
                ],
                "description": "This is my thing group"
              }
            ],
            "tags": {
              "terraform": "true"
            },
            "tags_all": {
              "terraform": "true"
            },
            "version": 1
          },
          "sensitive_attributes": [],
          "private": "bnVsbA==",
          "dependencies": [
            "aws_iot_thing_group.parent"
          ]
        }
      ]
    },
    {
      "mode": "managed",
      "type": "aws_iot_thing_principal_attachment",
      "name": "thing-certificate-attachment",
      "provider": "provider[\"registry.terraform.io/hashicorp/aws\"]",
      "instances": [
        {
          "schema_version": 0,
          "attributes": {
            "id": "VerkundenbotThing-26b786d5-d071-42bb-a9fc-7261da355053|arn:aws:iot:us-east-1:634157847749:cert/c8f58e89d98bff201ea8af5589d8c56d2ce0fefd77ac90b319553e4589f42e21",
            "principal": "arn:aws:iot:us-east-1:634157847749:cert/c8f58e89d98bff201ea8af5589d8c56d2ce0fefd77ac90b319553e4589f42e21",
            "thing": "VerkundenbotThing-26b786d5-d071-42bb-a9fc-7261da355053"
          },
          "sensitive_attributes": [],
          "private": "bnVsbA==",
          "dependencies": [
            "aws_iot_certificate.thing-certificate",
            "aws_iot_thing.this",
            "aws_iot_thing_type.this"
          ]
        }
      ]
    },
    {
      "mode": "managed",
      "type": "aws_iot_thing_type",
      "name": "this",
      "provider": "provider[\"registry.terraform.io/hashicorp/aws\"]",
      "instances": [
        {
          "schema_version": 0,
          "attributes": {
            "arn": "arn:aws:iot:us-east-1:634157847749:thingtype/VerkundenbotThingType",
            "deprecated": false,
            "id": "VerkundenbotThingType",
            "name": "VerkundenbotThingType",
            "properties": [
              {
                "description": "Verkundenbot Thing Type",
                "searchable_attributes": [
                  "device-id",
                  "model"
                ]
              }
            ],
            "tags": null,
            "tags_all": {}
          },
          "sensitive_attributes": [],
          "private": "bnVsbA=="
        }
      ]
    },
    {
      "mode": "managed",
      "type": "aws_iot_topic_rule",
      "name": "thing-shadow-rule",
      "provider": "provider[\"registry.terraform.io/hashicorp/aws\"]",
      "instances": [
        {
          "schema_version": 0,
          "attributes": {
            "arn": "arn:aws:iot:us-east-1:634157847749:rule/ThingShadowRule",
            "cloudwatch_alarm": [],
            "cloudwatch_logs": [],
            "cloudwatch_metric": [],
            "description": "ThingShadowRule",
            "dynamodb": [],
            "dynamodbv2": [],
            "elasticsearch": [],
            "enabled": true,
            "error_action": [],
            "firehose": [],
            "http": [],
            "id": "ThingShadowRule",
            "iot_analytics": [],
            "iot_events": [],
            "kafka": [],
            "kinesis": [],
            "lambda": [],
            "name": "ThingShadowRule",
            "republish": [],
            "s3": [
              {
                "bucket_name": "verkundenbot-thing-shadow-us-east-1",
                "canned_acl": "",
                "key": "things/shadow/${parse_time(\"yyyy/MM/dd/HH\", timestamp(), \"UTC\")}/${topic(3)}-${timestamp()}.json",
                "role_arn": "arn:aws:iam::634157847749:role/thing-shadow-rule-role"
              }
            ],
            "sns": [],
            "sql": "SELECT * , topic(3) as thingname , timestamp() as logtimestamp FROM '$aws/things/+/shadow/update'",
            "sql_version": "2016-03-23",
            "sqs": [],
            "step_functions": [],
            "tags": null,
            "tags_all": {},
            "timestream": []
          },
          "sensitive_attributes": [],
          "private": "bnVsbA==",
          "dependencies": [
            "aws_iam_role.thing-shadow-rule-role",
            "aws_s3_bucket.thing-shadow-bucket"
          ]
        }
      ]
    },
    {
      "mode": "managed",
      "type": "aws_s3_bucket",
      "name": "thing-deployment-bucket",
      "provider": "provider[\"registry.terraform.io/hashicorp/aws\"]",
      "instances": [
        {
          "schema_version": 0,
          "attributes": {
            "acceleration_status": "",
            "acl": null,
            "arn": "arn:aws:s3:::verkundenbot-thing-deployment-vkb-group-us-east-1",
            "bucket": "verkundenbot-thing-deployment-vkb-group-us-east-1",
            "bucket_domain_name": "verkundenbot-thing-deployment-vkb-group-us-east-1.s3.amazonaws.com",
            "bucket_prefix": "",
            "bucket_regional_domain_name": "verkundenbot-thing-deployment-vkb-group-us-east-1.s3.us-east-1.amazonaws.com",
            "cors_rule": [],
            "force_destroy": false,
            "grant": [
              {
                "id": "a9c10624a3549b124000d5423a89900707797ea40d5c9f8a287c763ab7135cc9",
                "permissions": [
                  "FULL_CONTROL"
                ],
                "type": "CanonicalUser",
                "uri": ""
              }
            ],
            "hosted_zone_id": "Z3AQBSTGFYJSTF",
            "id": "verkundenbot-thing-deployment-vkb-group-us-east-1",
            "lifecycle_rule": [],
            "logging": [],
            "object_lock_configuration": [],
            "object_lock_enabled": false,
            "policy": "",
            "region": "us-east-1",
            "replication_configuration": [],
            "request_payer": "BucketOwner",
            "server_side_encryption_configuration": [
              {
                "rule": [
                  {
                    "apply_server_side_encryption_by_default": [
                      {
                        "kms_master_key_id": "",
                        "sse_algorithm": "AES256"
                      }
                    ],
                    "bucket_key_enabled": false
                  }
                ]
              }
            ],
            "tags": {
              "Name": "verkundenbot-thing-deployment-vkb-group-us-east-1"
            },
            "tags_all": {
              "Name": "verkundenbot-thing-deployment-vkb-group-us-east-1"
            },
            "timeouts": null,
            "versioning": [
              {
                "enabled": false,
                "mfa_delete": false
              }
            ],
            "website": [],
            "website_domain": null,
            "website_endpoint": null
          },
          "sensitive_attributes": [],
          "private": "eyJlMmJmYjczMC1lY2FhLTExZTYtOGY4OC0zNDM2M2JjN2M0YzAiOnsiY3JlYXRlIjoxMjAwMDAwMDAwMDAwLCJkZWxldGUiOjM2MDAwMDAwMDAwMDAsInJlYWQiOjEyMDAwMDAwMDAwMDAsInVwZGF0ZSI6MTIwMDAwMDAwMDAwMH19",
          "dependencies": [
            "aws_iot_thing_group.parent",
            "aws_iot_thing_group.this"
          ]
        }
      ]
    },
    {
      "mode": "managed",
      "type": "aws_s3_bucket",
      "name": "thing-shadow-bucket",
      "provider": "provider[\"registry.terraform.io/hashicorp/aws\"]",
      "instances": [
        {
          "schema_version": 0,
          "attributes": {
            "acceleration_status": "",
            "acl": null,
            "arn": "arn:aws:s3:::verkundenbot-thing-shadow-us-east-1",
            "bucket": "verkundenbot-thing-shadow-us-east-1",
            "bucket_domain_name": "verkundenbot-thing-shadow-us-east-1.s3.amazonaws.com",
            "bucket_prefix": "",
            "bucket_regional_domain_name": "verkundenbot-thing-shadow-us-east-1.s3.us-east-1.amazonaws.com",
            "cors_rule": [],
            "force_destroy": false,
            "grant": [
              {
                "id": "a9c10624a3549b124000d5423a89900707797ea40d5c9f8a287c763ab7135cc9",
                "permissions": [
                  "FULL_CONTROL"
                ],
                "type": "CanonicalUser",
                "uri": ""
              }
            ],
            "hosted_zone_id": "Z3AQBSTGFYJSTF",
            "id": "verkundenbot-thing-shadow-us-east-1",
            "lifecycle_rule": [],
            "logging": [],
            "object_lock_configuration": [],
            "object_lock_enabled": false,
            "policy": "",
            "region": "us-east-1",
            "replication_configuration": [],
            "request_payer": "BucketOwner",
            "server_side_encryption_configuration": [
              {
                "rule": [
                  {
                    "apply_server_side_encryption_by_default": [
                      {
                        "kms_master_key_id": "",
                        "sse_algorithm": "AES256"
                      }
                    ],
                    "bucket_key_enabled": false
                  }
                ]
              }
            ],
            "tags": {
              "Name": "verkundenbot-thing-shadow-us-east-1"
            },
            "tags_all": {
              "Name": "verkundenbot-thing-shadow-us-east-1"
            },
            "timeouts": null,
            "versioning": [
              {
                "enabled": false,
                "mfa_delete": false
              }
            ],
            "website": [],
            "website_domain": null,
            "website_endpoint": null
          },
          "sensitive_attributes": [],
          "private": "eyJlMmJmYjczMC1lY2FhLTExZTYtOGY4OC0zNDM2M2JjN2M0YzAiOnsiY3JlYXRlIjoxMjAwMDAwMDAwMDAwLCJkZWxldGUiOjM2MDAwMDAwMDAwMDAsInJlYWQiOjEyMDAwMDAwMDAwMDAsInVwZGF0ZSI6MTIwMDAwMDAwMDAwMH19"
        }
      ]
    },
    {
      "mode": "managed",
      "type": "aws_s3_bucket_acl",
      "name": "thing-deployment-bucket-acl",
      "provider": "provider[\"registry.terraform.io/hashicorp/aws\"]",
      "instances": [
        {
          "schema_version": 0,
          "attributes": {
            "access_control_policy": [
              {
                "grant": [
                  {
                    "grantee": [
                      {
                        "display_name": "jkelly09",
                        "email_address": "",
                        "id": "a9c10624a3549b124000d5423a89900707797ea40d5c9f8a287c763ab7135cc9",
                        "type": "CanonicalUser",
                        "uri": ""
                      }
                    ],
                    "permission": "FULL_CONTROL"
                  }
                ],
                "owner": [
                  {
                    "display_name": "jkelly09",
                    "id": "a9c10624a3549b124000d5423a89900707797ea40d5c9f8a287c763ab7135cc9"
                  }
                ]
              }
            ],
            "acl": "private",
            "bucket": "verkundenbot-thing-deployment-vkb-group-us-east-1",
            "expected_bucket_owner": "",
            "id": "verkundenbot-thing-deployment-vkb-group-us-east-1,private"
          },
          "sensitive_attributes": [],
          "private": "bnVsbA==",
          "dependencies": [
            "aws_iot_thing_group.parent",
            "aws_iot_thing_group.this",
            "aws_s3_bucket.thing-deployment-bucket",
            "aws_s3_bucket_ownership_controls.s3_bucket_acl_ownership"
          ]
        }
      ]
    },
    {
      "mode": "managed",
      "type": "aws_s3_bucket_ownership_controls",
      "name": "s3_bucket_acl_ownership",
      "provider": "provider[\"registry.terraform.io/hashicorp/aws\"]",
      "instances": [
        {
          "schema_version": 0,
          "attributes": {
            "bucket": "verkundenbot-thing-deployment-vkb-group-us-east-1",
            "id": "verkundenbot-thing-deployment-vkb-group-us-east-1",
            "rule": [
              {
                "object_ownership": "ObjectWriter"
              }
            ]
          },
          "sensitive_attributes": [],
          "private": "bnVsbA==",
          "dependencies": [
            "aws_iot_thing_group.parent",
            "aws_iot_thing_group.this",
            "aws_s3_bucket.thing-deployment-bucket"
          ]
        }
      ]
    },
    {
      "mode": "managed",
      "type": "aws_s3_bucket_versioning",
      "name": "thing-deployment-bucket-versioning",
      "provider": "provider[\"registry.terraform.io/hashicorp/aws\"]",
      "instances": [
        {
          "schema_version": 0,
          "attributes": {
            "bucket": "verkundenbot-thing-deployment-vkb-group-us-east-1",
            "expected_bucket_owner": "",
            "id": "verkundenbot-thing-deployment-vkb-group-us-east-1",
            "mfa": null,
            "versioning_configuration": [
              {
                "mfa_delete": "",
                "status": "Enabled"
              }
            ]
          },
          "sensitive_attributes": [],
          "private": "bnVsbA==",
          "dependencies": [
            "aws_iot_thing_group.parent",
            "aws_iot_thing_group.this",
            "aws_s3_bucket.thing-deployment-bucket"
          ]
        }
      ]
    },
    {
      "mode": "managed",
      "type": "aws_s3_bucket_versioning",
      "name": "thing-shadow-bucket-versioning",
      "provider": "provider[\"registry.terraform.io/hashicorp/aws\"]",
      "instances": [
        {
          "schema_version": 0,
          "attributes": {
            "bucket": "verkundenbot-thing-shadow-us-east-1",
            "expected_bucket_owner": "",
            "id": "verkundenbot-thing-shadow-us-east-1",
            "mfa": null,
            "versioning_configuration": [
              {
                "mfa_delete": "",
                "status": "Enabled"
              }
            ]
          },
          "sensitive_attributes": [],
          "private": "bnVsbA==",
          "dependencies": [
            "aws_s3_bucket.thing-shadow-bucket"
          ]
        }
      ]
    },
    {
      "mode": "managed",
      "type": "local_file",
      "name": "thing-certificate-cert",
      "provider": "provider[\"registry.terraform.io/hashicorp/local\"]",
      "instances": [
        {
          "schema_version": 0,
          "attributes": {
            "content": "-----BEGIN CERTIFICATE-----\nMIIDWTCCAkGgAwIBAgIURLsTDl6qV8P/9Zl6uI/lVu0eDdEwDQYJKoZIhvcNAQEL\nBQAwTTFLMEkGA1UECwxCQW1hem9uIFdlYiBTZXJ2aWNlcyBPPUFtYXpvbi5jb20g\nSW5jLiBMPVNlYXR0bGUgU1Q9V2FzaGluZ3RvbiBDPVVTMB4XDTIzMTAwNjIzNDUx\nNFoXDTQ5MTIzMTIzNTk1OVowHjEcMBoGA1UEAwwTQVdTIElvVCBDZXJ0aWZpY2F0\nZTCCASIwDQYJKoZIhvcNAQEBBQADggEPADCCAQoCggEBAO3Qg0ds0HvKYFGqfw3W\n7cOscawPx8X/Nv6BNLSxapM6htu9X7ThX2scUMqlLAlZ3a8VBOW9d1mWINrE6JQ9\nFa5ZDSckiEiZyTTUmFs9fSevnHLkMVm9i+0E8elqhEjpAbp4FYv9HpfbgzRbdxWD\nb5ggURwDFHE5jML7n5uNq9Nyxk66NWf84wRcAMe7HDfZms/gr6YJfvShh/OogHty\n8DWSwOIiTwDHZQZXTCosYoxN5eMPZ7M3IlEOMLu67u/sAqT3ZQPzoPPly7ZjBN+j\nffXNHUO2NWIxhw2TCHTQxhCDJMl7xayPCo3lP9vn2duU7wQQy5rIVKB6I3vO0/P0\nShsCAwEAAaNgMF4wHwYDVR0jBBgwFoAULkSsjPVzguX+WvSLi5iX3nCCe7kwHQYD\nVR0OBBYEFER9Q61IpyLVvxJ7siYYIVIFaRtYMAwGA1UdEwEB/wQCMAAwDgYDVR0P\nAQH/BAQDAgeAMA0GCSqGSIb3DQEBCwUAA4IBAQCLvwN3/4BzQsqMV+Vo2g8K48yC\n2il8Y9s93j0RHsc50KEn3v4dbpD7IwrrgXh/JO7zdgEngcHjB74f/QD/7AMs+g4A\n7Hrc0Wqhc1/WZ3Z7xsedogBD4MVHnhmVjYMvHzqd1pkqX4H6yOs1+nQDdeYN9uwb\n1S2mLqXke4lQjPV4UY1IjP16yCFuv7LnDc2A/41vt4T/Qsnc5z5Q0ifw/1Y/6JCo\nDHt5AimvXA8q75iV+bj9Uqe9tMZnbwMFXWdVhftr4byRQBi6Yx7VgWyRlJ1uQbMv\n7yn/oSbufpXFo4p460P7BW1yiSA2r/neR/yeh8quXj7VNLVPoHkP0ufP9vQA\n-----END CERTIFICATE-----\n",
            "content_base64": null,
            "content_base64sha256": "wniJ8psbayoDEyxNQuR1tFuA/qXFw8b76eT2LBAm+3s=",
            "content_base64sha512": "SbSltAPsKE7hnQ5EcsVyJj5EgekwvY2e5Pjh3rPFE9AoZie7N+drsscc48BbDeNBalJNm0/JVVkslNd6ejipGw==",
            "content_md5": "3456b252d44d3580878129b1c5b0bc2d",
            "content_sha1": "73c591518a716bb1e2840e3e69e36ea9abbda169",
            "content_sha256": "c27889f29b1b6b2a03132c4d42e475b45b80fea5c5c3c6fbe9e4f62c1026fb7b",
            "content_sha512": "49b4a5b403ec284ee19d0e4472c572263e4481e930bd8d9ee4f8e1deb3c513d0286627bb37e76bb2c71ce3c05b0de3416a524d9b4fc955592c94d77a7a38a91b",
            "directory_permission": "0777",
            "file_permission": "0777",
            "filename": "/tmp/verkundenbot/certificate.pem.cert",
            "id": "73c591518a716bb1e2840e3e69e36ea9abbda169",
            "sensitive_content": null,
            "source": null
          },
          "sensitive_attributes": [
            [
              {
                "type": "get_attr",
                "value": "content"
              }
            ]
          ],
          "dependencies": [
            "aws_iot_certificate.thing-certificate"
          ]
        }
      ]
    },
    {
      "mode": "managed",
      "type": "local_file",
      "name": "thing-certificate-pri",
      "provider": "provider[\"registry.terraform.io/hashicorp/local\"]",
      "instances": [
        {
          "schema_version": 0,
          "attributes": {
            "content": "-----BEGIN RSA PRIVATE KEY-----\nMIIEpAIBAAKCAQEA7dCDR2zQe8pgUap/Ddbtw6xxrA/Hxf82/oE0tLFqkzqG271f\ntOFfaxxQyqUsCVndrxUE5b13WZYg2sTolD0VrlkNJySISJnJNNSYWz19J6+ccuQx\nWb2L7QTx6WqESOkBungVi/0el9uDNFt3FYNvmCBRHAMUcTmMwvufm42r03LGTro1\nZ/zjBFwAx7scN9maz+Cvpgl+9KGH86iAe3LwNZLA4iJPAMdlBldMKixijE3l4w9n\nszciUQ4wu7ru7+wCpPdlA/Og8+XLtmME36N99c0dQ7Y1YjGHDZMIdNDGEIMkyXvF\nrI8KjeU/2+fZ25TvBBDLmshUoHoje87T8/RKGwIDAQABAoIBAQDMP7ywuJ1q5IrL\nOTL8UO9OkqnijH8Y57R068W3t3UAVFEFI2Wytao9FUmyciAbO+qw982H/60k7VL0\nchALWVdosaUhTDgcmrB7xmfAXVRDpIkrCB/2olwuSoP25HwPHshUPdTLsa734BmU\n+0WQ3Z0XvBHNjDufbz0dLf2MHSZJaG9YATh6mPEUc7FTjnaVcVqgtSGm2rM6ghXy\njuIm3ys+V9bUByw90FyfBHqPQX/XOUtcIcp0alhu/bvnKOrLiWuFqTzAFp5/2EVM\nXGMZD13WwB7D/YC/RtcHhiJpVDvwioJRyNoPeVQPDI7dTUG7nk5UCjP+cV8cTkxE\nmmvCuM3pAoGBAPoSrvh9YXG/CvURljX3SayePY78sN4pejYzwZ1MLAo6sR2qKfyf\nUGCUrWo3U3rwJkj7wIBiQakgEESotuBgIMKC+sNWrs/OJstlBsRyAJCSW4KtVbc0\nZXXiC+Iu2UBCt50gld6bBglXWZhOEMUrnzE6vwUQhMc2CCWVoxUGuNNVAoGBAPNz\nc3le8Q7HihSGTa1eigbTg9W7NtN7PeA9QN5msuk/biakRj0sQ0fQReviBy+aedJy\nVZ5U5gGFDKnBC8CkKNGXIRneVjhPcb3fGEcnJJzi3l2ASRW8pE0tH6J1JWl3MA2X\naOXz5dooGjmMoTsdbtgozNx0XO7VXFFAwK1HgoevAoGBAIaHNomHKby/QW3FIEG3\n3nJ2Tjd1yNA7D/vIrAeqyqZWHKIQwLWeHudWFFRnnwkr1+y7QjvOn/QTw6yr9nWO\nQRFi1PPw1eoExOn2V0Wm7pbXpVMPXGVKUqqwCCSNf2IKgiyNMxKl4wFzdEdy96Ka\nbPFW4RwgXs2sS4WskibljthhAoGAJfA27ZIbFMeJwBsR3dOexOOPZu5O4/QPt3M0\nObRdazXkT4dIHt5X+cf+LX1Cy2tSUrZYm1z1nwUB7S5VS4cJiWf405QvcYUH36P1\nn5j8/qnoJ0AHo6iLHi/K/0EsPFxDk8qloTg5+J5JP/Cna5PxoyPwkOZdWSbMxSjH\nHfnH4KcCgYAiQgHhwJjZjamBKVm0gRrZkdys7Ac1RO9WNsiE39ZdAhavyDNKYfnv\n1+6IcMXcHEQ4Wfw5epfSzAqaWFdQyFD+0hh3sONqx70dNAuSDuOq44xv9ATcc6/7\nXg4lHYkUZHRY5qGDzLXJoK+UGlfn7E+07MYBAqqJEriOqRFKQbVsBg==\n-----END RSA PRIVATE KEY-----\n",
            "content_base64": null,
            "content_base64sha256": "xd/PTX7bUcEKtGv9+4K0mqOYxCqfgwYhuAnz1mOH0a0=",
            "content_base64sha512": "mG9HmLRzOtbCjwwnLkewF+zZnHxXax2W/WRrnESjY/Wy+GkoRsEMdVyOTiWNt1xvKEcI8PXz0xp91FKvVKzyEw==",
            "content_md5": "032cf4313c49cd13e3420bc5557e1523",
            "content_sha1": "c7c1e74a17202d1a110b7372659dbb9f6928485a",
            "content_sha256": "c5dfcf4d7edb51c10ab46bfdfb82b49aa398c42a9f830621b809f3d66387d1ad",
            "content_sha512": "986f4798b4733ad6c28f0c272e47b017ecd99c7c576b1d96fd646b9c44a363f5b2f8692846c10c755c8e4e258db75c6f284708f0f5f3d31a7dd452af54acf213",
            "directory_permission": "0777",
            "file_permission": "0777",
            "filename": "/tmp/verkundenbot/private.pem.key",
            "id": "c7c1e74a17202d1a110b7372659dbb9f6928485a",
            "sensitive_content": null,
            "source": null
          },
          "sensitive_attributes": [
            [
              {
                "type": "get_attr",
                "value": "content"
              }
            ]
          ],
          "dependencies": [
            "aws_iot_certificate.thing-certificate"
          ]
        }
      ]
    },
    {
      "mode": "managed",
      "type": "local_file",
      "name": "thing-certificate-pub",
      "provider": "provider[\"registry.terraform.io/hashicorp/local\"]",
      "instances": [
        {
          "schema_version": 0,
          "attributes": {
            "content": "-----BEGIN PUBLIC KEY-----\nMIIBIjANBgkqhkiG9w0BAQEFAAOCAQ8AMIIBCgKCAQEA7dCDR2zQe8pgUap/Ddbt\nw6xxrA/Hxf82/oE0tLFqkzqG271ftOFfaxxQyqUsCVndrxUE5b13WZYg2sTolD0V\nrlkNJySISJnJNNSYWz19J6+ccuQxWb2L7QTx6WqESOkBungVi/0el9uDNFt3FYNv\nmCBRHAMUcTmMwvufm42r03LGTro1Z/zjBFwAx7scN9maz+Cvpgl+9KGH86iAe3Lw\nNZLA4iJPAMdlBldMKixijE3l4w9nszciUQ4wu7ru7+wCpPdlA/Og8+XLtmME36N9\n9c0dQ7Y1YjGHDZMIdNDGEIMkyXvFrI8KjeU/2+fZ25TvBBDLmshUoHoje87T8/RK\nGwIDAQAB\n-----END PUBLIC KEY-----\n",
            "content_base64": null,
            "content_base64sha256": "Gno9sOAK209dPqjCfg18/aAtcVIyycgkQHC8SMSqw+g=",
            "content_base64sha512": "rdH6bSlbqqDyLY555Vij+0mRC5P0zbe8iBrSFOHNqTzXZ7gwecwTKJ9UDSoHruOdMV19avgV/roQFyIIAvXCSg==",
            "content_md5": "fdafde623d3372045b8bec60c87da0f4",
            "content_sha1": "5771b6aca2518ddda713f22d8f275538f26a4477",
            "content_sha256": "1a7a3db0e00adb4f5d3ea8c27e0d7cfda02d715232c9c8244070bc48c4aac3e8",
            "content_sha512": "add1fa6d295baaa0f22d8e79e558a3fb49910b93f4cdb7bc881ad214e1cda93cd767b83079cc13289f540d2a07aee39d315d7d6af815feba1017220802f5c24a",
            "directory_permission": "0777",
            "file_permission": "0777",
            "filename": "/tmp/verkundenbot/public.pem.key",
            "id": "5771b6aca2518ddda713f22d8f275538f26a4477",
            "sensitive_content": null,
            "source": null
          },
          "sensitive_attributes": [
            [
              {
                "type": "get_attr",
                "value": "content"
              }
            ]
          ],
          "dependencies": [
            "aws_iot_certificate.thing-certificate"
          ]
        }
      ]
    },
    {
      "mode": "managed",
      "type": "local_file",
      "name": "thing-config",
      "provider": "provider[\"registry.terraform.io/hashicorp/local\"]",
      "instances": [
        {
          "schema_version": 0,
          "attributes": {
            "content": "{\n    \"deviceId\": 26b786d5-d071-42bb-a9fc-7261da355053,\n    \"thingGroup\": \"vkb-group\",\n    \"region\": \"us-east-1\",\n    \"roleAlias\": \"verkundenbot-group-service-role-alias\",\n    \"deploymentBucket\": \"verkundenbot-thing-deployment-vkb-group-us-east-1\",\n    \"version\": \"2023-10-06-23-47-12\"\n}",
            "content_base64": null,
            "content_base64sha256": "n/u7SOgN0uklfRNMl1JtS6hSdfd3HW2fVrIYzTfbK5I=",
            "content_base64sha512": "Jo4bSVzYMztJa1kivDgRtRGYYTRcYVoNBfftaX32vCnrOp1Kd9wRrgKkwj3KTCO+XxDPKII0+l8+Gxs+vQXjQw==",
            "content_md5": "87acc21c09e066b9878e5fd70c76e25c",
            "content_sha1": "075e5cdb28b4ede7a0bfa63d4bca660101913935",
            "content_sha256": "9ffbbb48e80dd2e9257d134c97526d4ba85275f7771d6d9f56b218cd37db2b92",
            "content_sha512": "268e1b495cd8333b496b5922bc3811b5119861345c615a0d05f7ed697df6bc29eb3a9d4a77dc11ae02a4c23dca4c23be5f10cf288234fa5f3e1b1b3ebd05e343",
            "directory_permission": "0777",
            "file_permission": "0777",
            "filename": "/tmp/verkundenbot/conf.json",
            "id": "075e5cdb28b4ede7a0bfa63d4bca660101913935",
            "sensitive_content": null,
            "source": null
          },
          "sensitive_attributes": [],
          "dependencies": [
            "aws_iam_role.thing-service-role",
            "aws_iot_role_alias.thing-service-role-alias",
            "aws_iot_thing_group.parent",
            "aws_iot_thing_group.this",
            "aws_s3_bucket.thing-deployment-bucket"
          ]
        }
      ]
    },
    {
      "mode": "managed",
      "type": "null_resource",
      "name": "config",
      "provider": "provider[\"registry.terraform.io/hashicorp/null\"]",
      "instances": [
        {
          "status": "tainted",
          "schema_version": 0,
          "attributes": {
            "id": "8980372464440270707",
            "triggers": null
          },
          "sensitive_attributes": [],
          "dependencies": [
            "aws_iot_thing_group.parent",
            "aws_iot_thing_group.this",
            "aws_s3_bucket.thing-deployment-bucket"
          ]
        }
      ]
    }
  ],
  "check_results": null
}
